
Microsoft Visual Studio Solution File, Format Version 12.00
# 
Project("{2150E333-8FDC-42A3-9474-1A3956D46DE8}") = "Common", "Common", "{18F42590-FD24-4A37-8197-BEC2AA954ED8}"
EndProject
Project("{2150E333-8FDC-42A3-9474-1A3956D46DE8}") = "src", "src", "{5DD6F7D6-5AD1-4314-88C5-30461406D912}"
EndProject
Project("{FAE04EC0-301F-11D3-BF4B-00C04F79EFBC}") = "EasyAbp.BookingService.Common.Application", "modules\Common\src\EasyAbp.BookingService.Common.Application\EasyAbp.BookingService.Common.Application.csproj", "{3CA9860B-0AD5-484A-873F-B5A576970E63}"
EndProject
Project("{FAE04EC0-301F-11D3-BF4B-00C04F79EFBC}") = "EasyAbp.BookingService.Common.Application.Contracts", "modules\Common\src\EasyAbp.BookingService.Common.Application.Contracts\EasyAbp.BookingService.Common.Application.Contracts.csproj", "{D3C7CA77-B330-4F16-B0F3-C7E06EE986D5}"
EndProject
Project("{FAE04EC0-301F-11D3-BF4B-00C04F79EFBC}") = "EasyAbp.BookingService.Common.Blazor", "modules\Common\src\EasyAbp.BookingService.Common.Blazor\EasyAbp.BookingService.Common.Blazor.csproj", "{47EFA655-3B61-46C7-8A8E-924211924B10}"
EndProject
Project("{FAE04EC0-301F-11D3-BF4B-00C04F79EFBC}") = "EasyAbp.BookingService.Common.Blazor.Server", "modules\Common\src\EasyAbp.BookingService.Common.Blazor.Server\EasyAbp.BookingService.Common.Blazor.Server.csproj", "{4A91EAAE-2A2D-42B8-A727-02137F2C470D}"
EndProject
Project("{FAE04EC0-301F-11D3-BF4B-00C04F79EFBC}") = "EasyAbp.BookingService.Common.Blazor.WebAssembly", "modules\Common\src\EasyAbp.BookingService.Common.Blazor.WebAssembly\EasyAbp.BookingService.Common.Blazor.WebAssembly.csproj", "{3F57ADCB-751D-4322-8881-D07757894CBB}"
EndProject
Project("{FAE04EC0-301F-11D3-BF4B-00C04F79EFBC}") = "EasyAbp.BookingService.Common.Domain", "modules\Common\src\EasyAbp.BookingService.Common.Domain\EasyAbp.BookingService.Common.Domain.csproj", "{ED7969CA-D85C-4ADA-B48D-F3AC881EB960}"
EndProject
Project("{FAE04EC0-301F-11D3-BF4B-00C04F79EFBC}") = "EasyAbp.BookingService.Common.Domain.Shared", "modules\Common\src\EasyAbp.BookingService.Common.Domain.Shared\EasyAbp.BookingService.Common.Domain.Shared.csproj", "{A1A1574D-FAB9-4C1B-A446-71258181D6C8}"
EndProject
Project("{FAE04EC0-301F-11D3-BF4B-00C04F79EFBC}") = "EasyAbp.BookingService.Common.EntityFrameworkCore", "modules\Common\src\EasyAbp.BookingService.Common.EntityFrameworkCore\EasyAbp.BookingService.Common.EntityFrameworkCore.csproj", "{43DBD38A-B190-4A2B-8D01-0806A9D3FA97}"
EndProject
Project("{FAE04EC0-301F-11D3-BF4B-00C04F79EFBC}") = "EasyAbp.BookingService.Common.HttpApi", "modules\Common\src\EasyAbp.BookingService.Common.HttpApi\EasyAbp.BookingService.Common.HttpApi.csproj", "{CA0F1F43-DEDB-4DA0-B0E0-BCD40AFA0934}"
EndProject
Project("{FAE04EC0-301F-11D3-BF4B-00C04F79EFBC}") = "EasyAbp.BookingService.Common.HttpApi.Client", "modules\Common\src\EasyAbp.BookingService.Common.HttpApi.Client\EasyAbp.BookingService.Common.HttpApi.Client.csproj", "{51B084D1-F26D-4CF6-8358-B62C113CAA2A}"
EndProject
Project("{FAE04EC0-301F-11D3-BF4B-00C04F79EFBC}") = "EasyAbp.BookingService.Common.Installer", "modules\Common\src\EasyAbp.BookingService.Common.Installer\EasyAbp.BookingService.Common.Installer.csproj", "{08B2D41B-FC07-4F06-A065-44ADBD7E573F}"
EndProject
Project("{FAE04EC0-301F-11D3-BF4B-00C04F79EFBC}") = "EasyAbp.BookingService.Common.MongoDB", "modules\Common\src\EasyAbp.BookingService.Common.MongoDB\EasyAbp.BookingService.Common.MongoDB.csproj", "{D4930E1F-9C1B-4745-A815-0FF1475899E4}"
EndProject
Project("{FAE04EC0-301F-11D3-BF4B-00C04F79EFBC}") = "EasyAbp.BookingService.Common.Web", "modules\Common\src\EasyAbp.BookingService.Common.Web\EasyAbp.BookingService.Common.Web.csproj", "{4BA6F7CB-B6A0-4E51-8A4E-4FE59106E5DA}"
EndProject
Project("{2150E333-8FDC-42A3-9474-1A3956D46DE8}") = "tests", "tests", "{E843D333-0C36-4145-B1A8-22D14C62DCE7}"
EndProject
Project("{FAE04EC0-301F-11D3-BF4B-00C04F79EFBC}") = "EasyAbp.BookingService.Common.Application.Tests", "modules\Common\test\EasyAbp.BookingService.Common.Application.Tests\EasyAbp.BookingService.Common.Application.Tests.csproj", "{700F93D4-1598-4A29-91A8-7D742AE31FE6}"
EndProject
Project("{FAE04EC0-301F-11D3-BF4B-00C04F79EFBC}") = "EasyAbp.BookingService.Common.Domain.Tests", "modules\Common\test\EasyAbp.BookingService.Common.Domain.Tests\EasyAbp.BookingService.Common.Domain.Tests.csproj", "{B5594E58-9C47-48A6-A41C-368E80882433}"
EndProject
Project("{FAE04EC0-301F-11D3-BF4B-00C04F79EFBC}") = "EasyAbp.BookingService.Common.EntityFrameworkCore.Tests", "modules\Common\test\EasyAbp.BookingService.Common.EntityFrameworkCore.Tests\EasyAbp.BookingService.Common.EntityFrameworkCore.Tests.csproj", "{8E636376-800F-4642-A683-8ADD47C9DF17}"
EndProject
Project("{FAE04EC0-301F-11D3-BF4B-00C04F79EFBC}") = "EasyAbp.BookingService.Common.MongoDB.Tests", "modules\Common\test\EasyAbp.BookingService.Common.MongoDB.Tests\EasyAbp.BookingService.Common.MongoDB.Tests.csproj", "{68B91689-4AFE-4160-B9C5-A1AB95F9EAF9}"
EndProject
Project("{FAE04EC0-301F-11D3-BF4B-00C04F79EFBC}") = "EasyAbp.BookingService.Common.TestBase", "modules\Common\test\EasyAbp.BookingService.Common.TestBase\EasyAbp.BookingService.Common.TestBase.csproj", "{40D5F97C-C9C9-430D-999C-FAB8499AF992}"
EndProject
Project("{2150E333-8FDC-42A3-9474-1A3956D46DE8}") = "host", "host", "{FB08A608-D2A0-4D26-A358-F21FCD9BFA09}"
EndProject
Project("{FAE04EC0-301F-11D3-BF4B-00C04F79EFBC}") = "EasyAbp.BookingService.Common.Host.Shared", "modules\Common\host\EasyAbp.BookingService.Common.Host.Shared\EasyAbp.BookingService.Common.Host.Shared.csproj", "{BD328E0A-8018-4EC2-8261-87D32897EF77}"
EndProject
Project("{2150E333-8FDC-42A3-9474-1A3956D46DE8}") = "BookingService", "BookingService", "{C0C3B302-9213-4D08-8E78-FF6CE515B6FA}"
EndProject
Project("{2150E333-8FDC-42A3-9474-1A3956D46DE8}") = "src", "src", "{802ABD02-C489-4AAA-AFA0-2303A3CB14B9}"
EndProject
Project("{FAE04EC0-301F-11D3-BF4B-00C04F79EFBC}") = "EasyAbp.BookingService.Application", "modules\BookingService\src\EasyAbp.BookingService.Application\EasyAbp.BookingService.Application.csproj", "{DB1FCB2B-B485-46EF-9CE2-120761FBECC1}"
EndProject
Project("{FAE04EC0-301F-11D3-BF4B-00C04F79EFBC}") = "EasyAbp.BookingService.Application.Contracts", "modules\BookingService\src\EasyAbp.BookingService.Application.Contracts\EasyAbp.BookingService.Application.Contracts.csproj", "{CFC955BE-D641-4999-A132-532E458EFA93}"
EndProject
Project("{FAE04EC0-301F-11D3-BF4B-00C04F79EFBC}") = "EasyAbp.BookingService.Blazor", "modules\BookingService\src\EasyAbp.BookingService.Blazor\EasyAbp.BookingService.Blazor.csproj", "{26C03CE7-9D94-467E-AFAB-7ADACF8C7373}"
EndProject
Project("{FAE04EC0-301F-11D3-BF4B-00C04F79EFBC}") = "EasyAbp.BookingService.Blazor.Server", "modules\BookingService\src\EasyAbp.BookingService.Blazor.Server\EasyAbp.BookingService.Blazor.Server.csproj", "{38C62042-3CEF-4C79-86CB-4A4E8983BA8D}"
EndProject
Project("{FAE04EC0-301F-11D3-BF4B-00C04F79EFBC}") = "EasyAbp.BookingService.Blazor.WebAssembly", "modules\BookingService\src\EasyAbp.BookingService.Blazor.WebAssembly\EasyAbp.BookingService.Blazor.WebAssembly.csproj", "{661EC2CB-CF14-4FC5-B8EB-A38A0D033146}"
EndProject
Project("{FAE04EC0-301F-11D3-BF4B-00C04F79EFBC}") = "EasyAbp.BookingService.Domain", "modules\BookingService\src\EasyAbp.BookingService.Domain\EasyAbp.BookingService.Domain.csproj", "{B54FE2C2-E222-4D54-9214-A7CB4DA36660}"
EndProject
Project("{FAE04EC0-301F-11D3-BF4B-00C04F79EFBC}") = "EasyAbp.BookingService.Domain.Shared", "modules\BookingService\src\EasyAbp.BookingService.Domain.Shared\EasyAbp.BookingService.Domain.Shared.csproj", "{A204AA26-93FA-4991-B101-3E48747E073C}"
EndProject
Project("{FAE04EC0-301F-11D3-BF4B-00C04F79EFBC}") = "EasyAbp.BookingService.EntityFrameworkCore", "modules\BookingService\src\EasyAbp.BookingService.EntityFrameworkCore\EasyAbp.BookingService.EntityFrameworkCore.csproj", "{484BC63E-4476-446B-AF33-8F463BB9A606}"
EndProject
Project("{FAE04EC0-301F-11D3-BF4B-00C04F79EFBC}") = "EasyAbp.BookingService.HttpApi", "modules\BookingService\src\EasyAbp.BookingService.HttpApi\EasyAbp.BookingService.HttpApi.csproj", "{A6315ABD-2E4A-4153-871C-AEE708ED43CE}"
EndProject
Project("{FAE04EC0-301F-11D3-BF4B-00C04F79EFBC}") = "EasyAbp.BookingService.HttpApi.Client", "modules\BookingService\src\EasyAbp.BookingService.HttpApi.Client\EasyAbp.BookingService.HttpApi.Client.csproj", "{4DB2D85C-9C8B-45C0-A1C4-FD1D52BB7D5A}"
EndProject
Project("{FAE04EC0-301F-11D3-BF4B-00C04F79EFBC}") = "EasyAbp.BookingService.Installer", "modules\BookingService\src\EasyAbp.BookingService.Installer\EasyAbp.BookingService.Installer.csproj", "{ED3CEC28-0F96-4268-B719-B6EE7D85400D}"
EndProject
Project("{FAE04EC0-301F-11D3-BF4B-00C04F79EFBC}") = "EasyAbp.BookingService.MongoDB", "modules\BookingService\src\EasyAbp.BookingService.MongoDB\EasyAbp.BookingService.MongoDB.csproj", "{C365516A-8BB1-4C7D-92FB-17BC3BB2BA80}"
EndProject
Project("{FAE04EC0-301F-11D3-BF4B-00C04F79EFBC}") = "EasyAbp.BookingService.Web", "modules\BookingService\src\EasyAbp.BookingService.Web\EasyAbp.BookingService.Web.csproj", "{73F86398-6A77-40C7-B01A-6787C6230A2E}"
EndProject
Project("{2150E333-8FDC-42A3-9474-1A3956D46DE8}") = "tests", "tests", "{E67E0A7C-594C-47D2-AF3D-5DF58C365C81}"
EndProject
Project("{FAE04EC0-301F-11D3-BF4B-00C04F79EFBC}") = "EasyAbp.BookingService.Application.Tests", "modules\BookingService\test\EasyAbp.BookingService.Application.Tests\EasyAbp.BookingService.Application.Tests.csproj", "{CF4D8684-BC7D-47F4-B6A7-BAD444EEA5A6}"
EndProject
Project("{FAE04EC0-301F-11D3-BF4B-00C04F79EFBC}") = "EasyAbp.BookingService.Domain.Tests", "modules\BookingService\test\EasyAbp.BookingService.Domain.Tests\EasyAbp.BookingService.Domain.Tests.csproj", "{704C7668-D7ED-4BEA-A217-1F5D01814CE3}"
EndProject
Project("{FAE04EC0-301F-11D3-BF4B-00C04F79EFBC}") = "EasyAbp.BookingService.EntityFrameworkCore.Tests", "modules\BookingService\test\EasyAbp.BookingService.EntityFrameworkCore.Tests\EasyAbp.BookingService.EntityFrameworkCore.Tests.csproj", "{EBA96B0B-DDFB-43D8-9E48-ED15F97BD6BB}"
EndProject
Project("{FAE04EC0-301F-11D3-BF4B-00C04F79EFBC}") = "EasyAbp.BookingService.HttpApi.Client.ConsoleTestApp", "modules\BookingService\test\EasyAbp.BookingService.HttpApi.Client.ConsoleTestApp\EasyAbp.BookingService.HttpApi.Client.ConsoleTestApp.csproj", "{88EBB638-9F5D-4A2A-94D1-F40990E1196A}"
EndProject
Project("{FAE04EC0-301F-11D3-BF4B-00C04F79EFBC}") = "EasyAbp.BookingService.MongoDB.Tests", "modules\BookingService\test\EasyAbp.BookingService.MongoDB.Tests\EasyAbp.BookingService.MongoDB.Tests.csproj", "{BAF1EA36-537B-42B6-801F-F1FA20F24C1B}"
EndProject
Project("{FAE04EC0-301F-11D3-BF4B-00C04F79EFBC}") = "EasyAbp.BookingService.TestBase", "modules\BookingService\test\EasyAbp.BookingService.TestBase\EasyAbp.BookingService.TestBase.csproj", "{953D61C5-B6E8-4E9A-835A-1EE4589D42B1}"
EndProject
Project("{2150E333-8FDC-42A3-9474-1A3956D46DE8}") = "host", "host", "{F148D86B-AFEF-4F70-ABF9-D8561AE6EE22}"
EndProject
Project("{FAE04EC0-301F-11D3-BF4B-00C04F79EFBC}") = "EasyAbp.BookingService.Blazor.Host", "modules\BookingService\host\EasyAbp.BookingService.Blazor.Host\EasyAbp.BookingService.Blazor.Host.csproj", "{17F2BE72-D84A-4C94-8E39-8381DD0EC196}"
EndProject
Project("{FAE04EC0-301F-11D3-BF4B-00C04F79EFBC}") = "EasyAbp.BookingService.Blazor.Server.Host", "modules\BookingService\host\EasyAbp.BookingService.Blazor.Server.Host\EasyAbp.BookingService.Blazor.Server.Host.csproj", "{37CFC939-BA25-4AFB-AF55-592AF8092388}"
EndProject
Project("{FAE04EC0-301F-11D3-BF4B-00C04F79EFBC}") = "EasyAbp.BookingService.Host.Shared", "modules\BookingService\host\EasyAbp.BookingService.Host.Shared\EasyAbp.BookingService.Host.Shared.csproj", "{08BB03FF-6B0C-4675-986E-3E072F1F0F77}"
EndProject
Project("{FAE04EC0-301F-11D3-BF4B-00C04F79EFBC}") = "EasyAbp.BookingService.HttpApi.Host", "modules\BookingService\host\EasyAbp.BookingService.HttpApi.Host\EasyAbp.BookingService.HttpApi.Host.csproj", "{0C9ADA13-EBE2-4DD6-A1BA-7DECA087B3CC}"
EndProject
Project("{FAE04EC0-301F-11D3-BF4B-00C04F79EFBC}") = "EasyAbp.BookingService.IdentityServer", "modules\BookingService\host\EasyAbp.BookingService.IdentityServer\EasyAbp.BookingService.IdentityServer.csproj", "{B4432A01-B5D4-45B0-846E-803F2B169A27}"
EndProject
Project("{FAE04EC0-301F-11D3-BF4B-00C04F79EFBC}") = "EasyAbp.BookingService.Web.Host", "modules\BookingService\host\EasyAbp.BookingService.Web.Host\EasyAbp.BookingService.Web.Host.csproj", "{C0FD00D9-8211-4F17-B42A-886DDC2F0C10}"
EndProject
Project("{FAE04EC0-301F-11D3-BF4B-00C04F79EFBC}") = "EasyAbp.BookingService.Web.Unified", "modules\BookingService\host\EasyAbp.BookingService.Web.Unified\EasyAbp.BookingService.Web.Unified.csproj", "{12F749AA-95DE-4220-B126-CE0E3039D3E7}"
EndProject
Project("{2150E333-8FDC-42A3-9474-1A3956D46DE8}") = "BookingService.Orleans", "BookingService.Orleans", "{7E8CE173-1B61-4B79-B443-CE8D6DB74073}"
EndProject
Project("{2150E333-8FDC-42A3-9474-1A3956D46DE8}") = "src", "src", "{BF04983D-C6B8-48E7-8A25-3550FF069955}"
EndProject
Project("{FAE04EC0-301F-11D3-BF4B-00C04F79EFBC}") = "EasyAbp.BookingService.Orleans.Application", "modules\BookingService.Orleans\src\EasyAbp.BookingService.Orleans.Application\EasyAbp.BookingService.Orleans.Application.csproj", "{251EB747-C0E6-460E-A557-44D987A792BD}"
EndProject
Project("{FAE04EC0-301F-11D3-BF4B-00C04F79EFBC}") = "EasyAbp.BookingService.Orleans.Application.Contracts", "modules\BookingService.Orleans\src\EasyAbp.BookingService.Orleans.Application.Contracts\EasyAbp.BookingService.Orleans.Application.Contracts.csproj", "{AC64A835-6938-4D26-BF4E-40C733E1E9F5}"
EndProject
Project("{FAE04EC0-301F-11D3-BF4B-00C04F79EFBC}") = "EasyAbp.BookingService.Orleans.Blazor", "modules\BookingService.Orleans\src\EasyAbp.BookingService.Orleans.Blazor\EasyAbp.BookingService.Orleans.Blazor.csproj", "{1F462CF0-D268-46A8-8CE8-DA0CC2C03DA3}"
EndProject
Project("{FAE04EC0-301F-11D3-BF4B-00C04F79EFBC}") = "EasyAbp.BookingService.Orleans.Blazor.Server", "modules\BookingService.Orleans\src\EasyAbp.BookingService.Orleans.Blazor.Server\EasyAbp.BookingService.Orleans.Blazor.Server.csproj", "{7D1E5CC2-EF6A-4807-8742-84E707C8EF65}"
EndProject
Project("{FAE04EC0-301F-11D3-BF4B-00C04F79EFBC}") = "EasyAbp.BookingService.Orleans.Blazor.WebAssembly", "modules\BookingService.Orleans\src\EasyAbp.BookingService.Orleans.Blazor.WebAssembly\EasyAbp.BookingService.Orleans.Blazor.WebAssembly.csproj", "{8C11499C-61B8-41A6-84E1-432E139386D7}"
EndProject
Project("{FAE04EC0-301F-11D3-BF4B-00C04F79EFBC}") = "EasyAbp.BookingService.Orleans.Domain", "modules\BookingService.Orleans\src\EasyAbp.BookingService.Orleans.Domain\EasyAbp.BookingService.Orleans.Domain.csproj", "{B234FE73-319C-4AB3-925D-33A970AABD22}"
EndProject
Project("{FAE04EC0-301F-11D3-BF4B-00C04F79EFBC}") = "EasyAbp.BookingService.Orleans.Domain.Shared", "modules\BookingService.Orleans\src\EasyAbp.BookingService.Orleans.Domain.Shared\EasyAbp.BookingService.Orleans.Domain.Shared.csproj", "{83632BDF-02EA-46DE-9BB4-F6FEEC53A7E5}"
EndProject
Project("{FAE04EC0-301F-11D3-BF4B-00C04F79EFBC}") = "EasyAbp.BookingService.Orleans.EntityFrameworkCore", "modules\BookingService.Orleans\src\EasyAbp.BookingService.Orleans.EntityFrameworkCore\EasyAbp.BookingService.Orleans.EntityFrameworkCore.csproj", "{60E5D757-2185-4F2D-BD4C-F627FEEB9443}"
EndProject
Project("{FAE04EC0-301F-11D3-BF4B-00C04F79EFBC}") = "EasyAbp.BookingService.Orleans.HttpApi", "modules\BookingService.Orleans\src\EasyAbp.BookingService.Orleans.HttpApi\EasyAbp.BookingService.Orleans.HttpApi.csproj", "{F6650F5A-259F-49B5-9E80-F0163143D8BC}"
EndProject
Project("{FAE04EC0-301F-11D3-BF4B-00C04F79EFBC}") = "EasyAbp.BookingService.Orleans.HttpApi.Client", "modules\BookingService.Orleans\src\EasyAbp.BookingService.Orleans.HttpApi.Client\EasyAbp.BookingService.Orleans.HttpApi.Client.csproj", "{DDFFA6BF-B52C-4B76-AFD7-08B855A13699}"
EndProject
Project("{FAE04EC0-301F-11D3-BF4B-00C04F79EFBC}") = "EasyAbp.BookingService.Orleans.Installer", "modules\BookingService.Orleans\src\EasyAbp.BookingService.Orleans.Installer\EasyAbp.BookingService.Orleans.Installer.csproj", "{51B66026-F4EE-4126-8473-F2AE53B0A813}"
EndProject
Project("{FAE04EC0-301F-11D3-BF4B-00C04F79EFBC}") = "EasyAbp.BookingService.Orleans.MongoDB", "modules\BookingService.Orleans\src\EasyAbp.BookingService.Orleans.MongoDB\EasyAbp.BookingService.Orleans.MongoDB.csproj", "{BEDDCA67-0E07-493E-A655-B3D8149CBAE6}"
EndProject
Project("{FAE04EC0-301F-11D3-BF4B-00C04F79EFBC}") = "EasyAbp.BookingService.Orleans.Web", "modules\BookingService.Orleans\src\EasyAbp.BookingService.Orleans.Web\EasyAbp.BookingService.Orleans.Web.csproj", "{2DD00A6F-33CF-4B1A-925A-7FAA9042B81A}"
EndProject
Project("{2150E333-8FDC-42A3-9474-1A3956D46DE8}") = "tests", "tests", "{A69BD289-D61F-4955-A680-8E9DF9C48CCF}"
EndProject
Project("{FAE04EC0-301F-11D3-BF4B-00C04F79EFBC}") = "EasyAbp.BookingService.Orleans.Application.Tests", "modules\BookingService.Orleans\test\EasyAbp.BookingService.Orleans.Application.Tests\EasyAbp.BookingService.Orleans.Application.Tests.csproj", "{AA8AEB4A-D22A-40F6-905B-23C33EE26E16}"
EndProject
Project("{FAE04EC0-301F-11D3-BF4B-00C04F79EFBC}") = "EasyAbp.BookingService.Orleans.Domain.Tests", "modules\BookingService.Orleans\test\EasyAbp.BookingService.Orleans.Domain.Tests\EasyAbp.BookingService.Orleans.Domain.Tests.csproj", "{D63E27F7-2135-4E78-BFFA-12CBD9DF9541}"
EndProject
Project("{FAE04EC0-301F-11D3-BF4B-00C04F79EFBC}") = "EasyAbp.BookingService.Orleans.EntityFrameworkCore.Tests", "modules\BookingService.Orleans\test\EasyAbp.BookingService.Orleans.EntityFrameworkCore.Tests\EasyAbp.BookingService.Orleans.EntityFrameworkCore.Tests.csproj", "{1958060D-3A08-46BB-B2C4-1CCA299521DA}"
EndProject
Project("{FAE04EC0-301F-11D3-BF4B-00C04F79EFBC}") = "EasyAbp.BookingService.Orleans.HttpApi.Client.ConsoleTestApp", "modules\BookingService.Orleans\test\EasyAbp.BookingService.Orleans.HttpApi.Client.ConsoleTestApp\EasyAbp.BookingService.Orleans.HttpApi.Client.ConsoleTestApp.csproj", "{5B728AB8-1426-4F7B-8C9B-84B61B741070}"
EndProject
Project("{FAE04EC0-301F-11D3-BF4B-00C04F79EFBC}") = "EasyAbp.BookingService.Orleans.MongoDB.Tests", "modules\BookingService.Orleans\test\EasyAbp.BookingService.Orleans.MongoDB.Tests\EasyAbp.BookingService.Orleans.MongoDB.Tests.csproj", "{F9FFAE67-DF93-403F-A39C-10C7214A9203}"
EndProject
Project("{FAE04EC0-301F-11D3-BF4B-00C04F79EFBC}") = "EasyAbp.BookingService.Orleans.TestBase", "modules\BookingService.Orleans\test\EasyAbp.BookingService.Orleans.TestBase\EasyAbp.BookingService.Orleans.TestBase.csproj", "{C73B04D0-7DDA-4FAD-9F0A-427FD965F611}"
EndProject
Project("{2150E333-8FDC-42A3-9474-1A3956D46DE8}") = "host", "host", "{714CD703-D135-4730-B088-337279B9F872}"
EndProject
Project("{FAE04EC0-301F-11D3-BF4B-00C04F79EFBC}") = "EasyAbp.BookingService.Orleans.Blazor.Host", "modules\BookingService.Orleans\host\EasyAbp.BookingService.Orleans.Blazor.Host\EasyAbp.BookingService.Orleans.Blazor.Host.csproj", "{8DB5A989-098F-4B1B-8EF1-D8F6E2EB7459}"
EndProject
Project("{FAE04EC0-301F-11D3-BF4B-00C04F79EFBC}") = "EasyAbp.BookingService.Orleans.Blazor.Server.Host", "modules\BookingService.Orleans\host\EasyAbp.BookingService.Orleans.Blazor.Server.Host\EasyAbp.BookingService.Orleans.Blazor.Server.Host.csproj", "{175FADF9-EE80-4C60-9F53-C7DC4ABE8044}"
EndProject
Project("{FAE04EC0-301F-11D3-BF4B-00C04F79EFBC}") = "EasyAbp.BookingService.Orleans.Host.Shared", "modules\BookingService.Orleans\host\EasyAbp.BookingService.Orleans.Host.Shared\EasyAbp.BookingService.Orleans.Host.Shared.csproj", "{A62AF1B1-CAAB-42B2-8804-E6E88B6D5B7A}"
EndProject
Project("{FAE04EC0-301F-11D3-BF4B-00C04F79EFBC}") = "EasyAbp.BookingService.Orleans.HttpApi.Host", "modules\BookingService.Orleans\host\EasyAbp.BookingService.Orleans.HttpApi.Host\EasyAbp.BookingService.Orleans.HttpApi.Host.csproj", "{6F50A287-E6EC-4BAB-AD8B-F3C6C6D43FFE}"
EndProject
Project("{FAE04EC0-301F-11D3-BF4B-00C04F79EFBC}") = "EasyAbp.BookingService.Orleans.IdentityServer", "modules\BookingService.Orleans\host\EasyAbp.BookingService.Orleans.IdentityServer\EasyAbp.BookingService.Orleans.IdentityServer.csproj", "{E2E742E6-1384-431A-86FA-B27BFAD6851A}"
EndProject
Project("{FAE04EC0-301F-11D3-BF4B-00C04F79EFBC}") = "EasyAbp.BookingService.Orleans.Web.Host", "modules\BookingService.Orleans\host\EasyAbp.BookingService.Orleans.Web.Host\EasyAbp.BookingService.Orleans.Web.Host.csproj", "{C097C417-99A3-4D3B-8769-5D651FD9989C}"
EndProject
Project("{FAE04EC0-301F-11D3-BF4B-00C04F79EFBC}") = "EasyAbp.BookingService.Orleans.Web.Unified", "modules\BookingService.Orleans\host\EasyAbp.BookingService.Orleans.Web.Unified\EasyAbp.BookingService.Orleans.Web.Unified.csproj", "{A3A92BF5-017B-412C-8339-185FF68D32CB}"
EndProject
Global
	GlobalSection(SolutionConfigurationPlatforms) = preSolution
		Debug|Any CPU = Debug|Any CPU
		Release|Any CPU = Release|Any CPU
	EndGlobalSection
	GlobalSection(ProjectConfigurationPlatforms) = postSolution
		{3CA9860B-0AD5-484A-873F-B5A576970E63}.Debug|Any CPU.ActiveCfg = Debug|Any CPU
		{3CA9860B-0AD5-484A-873F-B5A576970E63}.Debug|Any CPU.Build.0 = Debug|Any CPU
		{3CA9860B-0AD5-484A-873F-B5A576970E63}.Release|Any CPU.ActiveCfg = Release|Any CPU
		{3CA9860B-0AD5-484A-873F-B5A576970E63}.Release|Any CPU.Build.0 = Release|Any CPU
		{D3C7CA77-B330-4F16-B0F3-C7E06EE986D5}.Debug|Any CPU.ActiveCfg = Debug|Any CPU
		{D3C7CA77-B330-4F16-B0F3-C7E06EE986D5}.Debug|Any CPU.Build.0 = Debug|Any CPU
		{D3C7CA77-B330-4F16-B0F3-C7E06EE986D5}.Release|Any CPU.ActiveCfg = Release|Any CPU
		{D3C7CA77-B330-4F16-B0F3-C7E06EE986D5}.Release|Any CPU.Build.0 = Release|Any CPU
		{47EFA655-3B61-46C7-8A8E-924211924B10}.Debug|Any CPU.ActiveCfg = Debug|Any CPU
		{47EFA655-3B61-46C7-8A8E-924211924B10}.Debug|Any CPU.Build.0 = Debug|Any CPU
		{47EFA655-3B61-46C7-8A8E-924211924B10}.Release|Any CPU.ActiveCfg = Release|Any CPU
		{47EFA655-3B61-46C7-8A8E-924211924B10}.Release|Any CPU.Build.0 = Release|Any CPU
		{4A91EAAE-2A2D-42B8-A727-02137F2C470D}.Debug|Any CPU.ActiveCfg = Debug|Any CPU
		{4A91EAAE-2A2D-42B8-A727-02137F2C470D}.Debug|Any CPU.Build.0 = Debug|Any CPU
		{4A91EAAE-2A2D-42B8-A727-02137F2C470D}.Release|Any CPU.ActiveCfg = Release|Any CPU
		{4A91EAAE-2A2D-42B8-A727-02137F2C470D}.Release|Any CPU.Build.0 = Release|Any CPU
		{3F57ADCB-751D-4322-8881-D07757894CBB}.Debug|Any CPU.ActiveCfg = Debug|Any CPU
		{3F57ADCB-751D-4322-8881-D07757894CBB}.Debug|Any CPU.Build.0 = Debug|Any CPU
		{3F57ADCB-751D-4322-8881-D07757894CBB}.Release|Any CPU.ActiveCfg = Release|Any CPU
		{3F57ADCB-751D-4322-8881-D07757894CBB}.Release|Any CPU.Build.0 = Release|Any CPU
		{ED7969CA-D85C-4ADA-B48D-F3AC881EB960}.Debug|Any CPU.ActiveCfg = Debug|Any CPU
		{ED7969CA-D85C-4ADA-B48D-F3AC881EB960}.Debug|Any CPU.Build.0 = Debug|Any CPU
		{ED7969CA-D85C-4ADA-B48D-F3AC881EB960}.Release|Any CPU.ActiveCfg = Release|Any CPU
		{ED7969CA-D85C-4ADA-B48D-F3AC881EB960}.Release|Any CPU.Build.0 = Release|Any CPU
		{A1A1574D-FAB9-4C1B-A446-71258181D6C8}.Debug|Any CPU.ActiveCfg = Debug|Any CPU
		{A1A1574D-FAB9-4C1B-A446-71258181D6C8}.Debug|Any CPU.Build.0 = Debug|Any CPU
		{A1A1574D-FAB9-4C1B-A446-71258181D6C8}.Release|Any CPU.ActiveCfg = Release|Any CPU
		{A1A1574D-FAB9-4C1B-A446-71258181D6C8}.Release|Any CPU.Build.0 = Release|Any CPU
		{43DBD38A-B190-4A2B-8D01-0806A9D3FA97}.Debug|Any CPU.ActiveCfg = Debug|Any CPU
		{43DBD38A-B190-4A2B-8D01-0806A9D3FA97}.Debug|Any CPU.Build.0 = Debug|Any CPU
		{43DBD38A-B190-4A2B-8D01-0806A9D3FA97}.Release|Any CPU.ActiveCfg = Release|Any CPU
		{43DBD38A-B190-4A2B-8D01-0806A9D3FA97}.Release|Any CPU.Build.0 = Release|Any CPU
		{CA0F1F43-DEDB-4DA0-B0E0-BCD40AFA0934}.Debug|Any CPU.ActiveCfg = Debug|Any CPU
		{CA0F1F43-DEDB-4DA0-B0E0-BCD40AFA0934}.Debug|Any CPU.Build.0 = Debug|Any CPU
		{CA0F1F43-DEDB-4DA0-B0E0-BCD40AFA0934}.Release|Any CPU.ActiveCfg = Release|Any CPU
		{CA0F1F43-DEDB-4DA0-B0E0-BCD40AFA0934}.Release|Any CPU.Build.0 = Release|Any CPU
		{51B084D1-F26D-4CF6-8358-B62C113CAA2A}.Debug|Any CPU.ActiveCfg = Debug|Any CPU
		{51B084D1-F26D-4CF6-8358-B62C113CAA2A}.Debug|Any CPU.Build.0 = Debug|Any CPU
		{51B084D1-F26D-4CF6-8358-B62C113CAA2A}.Release|Any CPU.ActiveCfg = Release|Any CPU
		{51B084D1-F26D-4CF6-8358-B62C113CAA2A}.Release|Any CPU.Build.0 = Release|Any CPU
		{08B2D41B-FC07-4F06-A065-44ADBD7E573F}.Debug|Any CPU.ActiveCfg = Debug|Any CPU
		{08B2D41B-FC07-4F06-A065-44ADBD7E573F}.Debug|Any CPU.Build.0 = Debug|Any CPU
		{08B2D41B-FC07-4F06-A065-44ADBD7E573F}.Release|Any CPU.ActiveCfg = Release|Any CPU
		{08B2D41B-FC07-4F06-A065-44ADBD7E573F}.Release|Any CPU.Build.0 = Release|Any CPU
		{D4930E1F-9C1B-4745-A815-0FF1475899E4}.Debug|Any CPU.ActiveCfg = Debug|Any CPU
		{D4930E1F-9C1B-4745-A815-0FF1475899E4}.Debug|Any CPU.Build.0 = Debug|Any CPU
		{D4930E1F-9C1B-4745-A815-0FF1475899E4}.Release|Any CPU.ActiveCfg = Release|Any CPU
		{D4930E1F-9C1B-4745-A815-0FF1475899E4}.Release|Any CPU.Build.0 = Release|Any CPU
		{4BA6F7CB-B6A0-4E51-8A4E-4FE59106E5DA}.Debug|Any CPU.ActiveCfg = Debug|Any CPU
		{4BA6F7CB-B6A0-4E51-8A4E-4FE59106E5DA}.Debug|Any CPU.Build.0 = Debug|Any CPU
		{4BA6F7CB-B6A0-4E51-8A4E-4FE59106E5DA}.Release|Any CPU.ActiveCfg = Release|Any CPU
		{4BA6F7CB-B6A0-4E51-8A4E-4FE59106E5DA}.Release|Any CPU.Build.0 = Release|Any CPU
		{700F93D4-1598-4A29-91A8-7D742AE31FE6}.Debug|Any CPU.ActiveCfg = Debug|Any CPU
		{700F93D4-1598-4A29-91A8-7D742AE31FE6}.Debug|Any CPU.Build.0 = Debug|Any CPU
		{700F93D4-1598-4A29-91A8-7D742AE31FE6}.Release|Any CPU.ActiveCfg = Release|Any CPU
		{700F93D4-1598-4A29-91A8-7D742AE31FE6}.Release|Any CPU.Build.0 = Release|Any CPU
		{B5594E58-9C47-48A6-A41C-368E80882433}.Debug|Any CPU.ActiveCfg = Debug|Any CPU
		{B5594E58-9C47-48A6-A41C-368E80882433}.Debug|Any CPU.Build.0 = Debug|Any CPU
		{B5594E58-9C47-48A6-A41C-368E80882433}.Release|Any CPU.ActiveCfg = Release|Any CPU
		{B5594E58-9C47-48A6-A41C-368E80882433}.Release|Any CPU.Build.0 = Release|Any CPU
		{8E636376-800F-4642-A683-8ADD47C9DF17}.Debug|Any CPU.ActiveCfg = Debug|Any CPU
		{8E636376-800F-4642-A683-8ADD47C9DF17}.Debug|Any CPU.Build.0 = Debug|Any CPU
		{8E636376-800F-4642-A683-8ADD47C9DF17}.Release|Any CPU.ActiveCfg = Release|Any CPU
		{8E636376-800F-4642-A683-8ADD47C9DF17}.Release|Any CPU.Build.0 = Release|Any CPU
		{68B91689-4AFE-4160-B9C5-A1AB95F9EAF9}.Debug|Any CPU.ActiveCfg = Debug|Any CPU
		{68B91689-4AFE-4160-B9C5-A1AB95F9EAF9}.Debug|Any CPU.Build.0 = Debug|Any CPU
		{68B91689-4AFE-4160-B9C5-A1AB95F9EAF9}.Release|Any CPU.ActiveCfg = Release|Any CPU
		{68B91689-4AFE-4160-B9C5-A1AB95F9EAF9}.Release|Any CPU.Build.0 = Release|Any CPU
		{40D5F97C-C9C9-430D-999C-FAB8499AF992}.Debug|Any CPU.ActiveCfg = Debug|Any CPU
		{40D5F97C-C9C9-430D-999C-FAB8499AF992}.Debug|Any CPU.Build.0 = Debug|Any CPU
		{40D5F97C-C9C9-430D-999C-FAB8499AF992}.Release|Any CPU.ActiveCfg = Release|Any CPU
		{40D5F97C-C9C9-430D-999C-FAB8499AF992}.Release|Any CPU.Build.0 = Release|Any CPU
		{BD328E0A-8018-4EC2-8261-87D32897EF77}.Debug|Any CPU.ActiveCfg = Debug|Any CPU
		{BD328E0A-8018-4EC2-8261-87D32897EF77}.Debug|Any CPU.Build.0 = Debug|Any CPU
		{BD328E0A-8018-4EC2-8261-87D32897EF77}.Release|Any CPU.ActiveCfg = Release|Any CPU
		{BD328E0A-8018-4EC2-8261-87D32897EF77}.Release|Any CPU.Build.0 = Release|Any CPU
		{DB1FCB2B-B485-46EF-9CE2-120761FBECC1}.Debug|Any CPU.ActiveCfg = Debug|Any CPU
		{DB1FCB2B-B485-46EF-9CE2-120761FBECC1}.Debug|Any CPU.Build.0 = Debug|Any CPU
		{DB1FCB2B-B485-46EF-9CE2-120761FBECC1}.Release|Any CPU.ActiveCfg = Release|Any CPU
		{DB1FCB2B-B485-46EF-9CE2-120761FBECC1}.Release|Any CPU.Build.0 = Release|Any CPU
		{CFC955BE-D641-4999-A132-532E458EFA93}.Debug|Any CPU.ActiveCfg = Debug|Any CPU
		{CFC955BE-D641-4999-A132-532E458EFA93}.Debug|Any CPU.Build.0 = Debug|Any CPU
		{CFC955BE-D641-4999-A132-532E458EFA93}.Release|Any CPU.ActiveCfg = Release|Any CPU
		{CFC955BE-D641-4999-A132-532E458EFA93}.Release|Any CPU.Build.0 = Release|Any CPU
		{26C03CE7-9D94-467E-AFAB-7ADACF8C7373}.Debug|Any CPU.ActiveCfg = Debug|Any CPU
		{26C03CE7-9D94-467E-AFAB-7ADACF8C7373}.Debug|Any CPU.Build.0 = Debug|Any CPU
		{26C03CE7-9D94-467E-AFAB-7ADACF8C7373}.Release|Any CPU.ActiveCfg = Release|Any CPU
		{26C03CE7-9D94-467E-AFAB-7ADACF8C7373}.Release|Any CPU.Build.0 = Release|Any CPU
		{38C62042-3CEF-4C79-86CB-4A4E8983BA8D}.Debug|Any CPU.ActiveCfg = Debug|Any CPU
		{38C62042-3CEF-4C79-86CB-4A4E8983BA8D}.Debug|Any CPU.Build.0 = Debug|Any CPU
		{38C62042-3CEF-4C79-86CB-4A4E8983BA8D}.Release|Any CPU.ActiveCfg = Release|Any CPU
		{38C62042-3CEF-4C79-86CB-4A4E8983BA8D}.Release|Any CPU.Build.0 = Release|Any CPU
		{661EC2CB-CF14-4FC5-B8EB-A38A0D033146}.Debug|Any CPU.ActiveCfg = Debug|Any CPU
		{661EC2CB-CF14-4FC5-B8EB-A38A0D033146}.Debug|Any CPU.Build.0 = Debug|Any CPU
		{661EC2CB-CF14-4FC5-B8EB-A38A0D033146}.Release|Any CPU.ActiveCfg = Release|Any CPU
		{661EC2CB-CF14-4FC5-B8EB-A38A0D033146}.Release|Any CPU.Build.0 = Release|Any CPU
		{B54FE2C2-E222-4D54-9214-A7CB4DA36660}.Debug|Any CPU.ActiveCfg = Debug|Any CPU
		{B54FE2C2-E222-4D54-9214-A7CB4DA36660}.Debug|Any CPU.Build.0 = Debug|Any CPU
		{B54FE2C2-E222-4D54-9214-A7CB4DA36660}.Release|Any CPU.ActiveCfg = Release|Any CPU
		{B54FE2C2-E222-4D54-9214-A7CB4DA36660}.Release|Any CPU.Build.0 = Release|Any CPU
		{A204AA26-93FA-4991-B101-3E48747E073C}.Debug|Any CPU.ActiveCfg = Debug|Any CPU
		{A204AA26-93FA-4991-B101-3E48747E073C}.Debug|Any CPU.Build.0 = Debug|Any CPU
		{A204AA26-93FA-4991-B101-3E48747E073C}.Release|Any CPU.ActiveCfg = Release|Any CPU
		{A204AA26-93FA-4991-B101-3E48747E073C}.Release|Any CPU.Build.0 = Release|Any CPU
		{484BC63E-4476-446B-AF33-8F463BB9A606}.Debug|Any CPU.ActiveCfg = Debug|Any CPU
		{484BC63E-4476-446B-AF33-8F463BB9A606}.Debug|Any CPU.Build.0 = Debug|Any CPU
		{484BC63E-4476-446B-AF33-8F463BB9A606}.Release|Any CPU.ActiveCfg = Release|Any CPU
		{484BC63E-4476-446B-AF33-8F463BB9A606}.Release|Any CPU.Build.0 = Release|Any CPU
		{A6315ABD-2E4A-4153-871C-AEE708ED43CE}.Debug|Any CPU.ActiveCfg = Debug|Any CPU
		{A6315ABD-2E4A-4153-871C-AEE708ED43CE}.Debug|Any CPU.Build.0 = Debug|Any CPU
		{A6315ABD-2E4A-4153-871C-AEE708ED43CE}.Release|Any CPU.ActiveCfg = Release|Any CPU
		{A6315ABD-2E4A-4153-871C-AEE708ED43CE}.Release|Any CPU.Build.0 = Release|Any CPU
		{4DB2D85C-9C8B-45C0-A1C4-FD1D52BB7D5A}.Debug|Any CPU.ActiveCfg = Debug|Any CPU
		{4DB2D85C-9C8B-45C0-A1C4-FD1D52BB7D5A}.Debug|Any CPU.Build.0 = Debug|Any CPU
		{4DB2D85C-9C8B-45C0-A1C4-FD1D52BB7D5A}.Release|Any CPU.ActiveCfg = Release|Any CPU
		{4DB2D85C-9C8B-45C0-A1C4-FD1D52BB7D5A}.Release|Any CPU.Build.0 = Release|Any CPU
		{ED3CEC28-0F96-4268-B719-B6EE7D85400D}.Debug|Any CPU.ActiveCfg = Debug|Any CPU
		{ED3CEC28-0F96-4268-B719-B6EE7D85400D}.Debug|Any CPU.Build.0 = Debug|Any CPU
		{ED3CEC28-0F96-4268-B719-B6EE7D85400D}.Release|Any CPU.ActiveCfg = Release|Any CPU
		{ED3CEC28-0F96-4268-B719-B6EE7D85400D}.Release|Any CPU.Build.0 = Release|Any CPU
		{C365516A-8BB1-4C7D-92FB-17BC3BB2BA80}.Debug|Any CPU.ActiveCfg = Debug|Any CPU
		{C365516A-8BB1-4C7D-92FB-17BC3BB2BA80}.Debug|Any CPU.Build.0 = Debug|Any CPU
		{C365516A-8BB1-4C7D-92FB-17BC3BB2BA80}.Release|Any CPU.ActiveCfg = Release|Any CPU
		{C365516A-8BB1-4C7D-92FB-17BC3BB2BA80}.Release|Any CPU.Build.0 = Release|Any CPU
		{73F86398-6A77-40C7-B01A-6787C6230A2E}.Debug|Any CPU.ActiveCfg = Debug|Any CPU
		{73F86398-6A77-40C7-B01A-6787C6230A2E}.Debug|Any CPU.Build.0 = Debug|Any CPU
		{73F86398-6A77-40C7-B01A-6787C6230A2E}.Release|Any CPU.ActiveCfg = Release|Any CPU
		{73F86398-6A77-40C7-B01A-6787C6230A2E}.Release|Any CPU.Build.0 = Release|Any CPU
		{CF4D8684-BC7D-47F4-B6A7-BAD444EEA5A6}.Debug|Any CPU.ActiveCfg = Debug|Any CPU
		{CF4D8684-BC7D-47F4-B6A7-BAD444EEA5A6}.Debug|Any CPU.Build.0 = Debug|Any CPU
		{CF4D8684-BC7D-47F4-B6A7-BAD444EEA5A6}.Release|Any CPU.ActiveCfg = Release|Any CPU
		{CF4D8684-BC7D-47F4-B6A7-BAD444EEA5A6}.Release|Any CPU.Build.0 = Release|Any CPU
		{704C7668-D7ED-4BEA-A217-1F5D01814CE3}.Debug|Any CPU.ActiveCfg = Debug|Any CPU
		{704C7668-D7ED-4BEA-A217-1F5D01814CE3}.Debug|Any CPU.Build.0 = Debug|Any CPU
		{704C7668-D7ED-4BEA-A217-1F5D01814CE3}.Release|Any CPU.ActiveCfg = Release|Any CPU
		{704C7668-D7ED-4BEA-A217-1F5D01814CE3}.Release|Any CPU.Build.0 = Release|Any CPU
		{EBA96B0B-DDFB-43D8-9E48-ED15F97BD6BB}.Debug|Any CPU.ActiveCfg = Debug|Any CPU
		{EBA96B0B-DDFB-43D8-9E48-ED15F97BD6BB}.Debug|Any CPU.Build.0 = Debug|Any CPU
		{EBA96B0B-DDFB-43D8-9E48-ED15F97BD6BB}.Release|Any CPU.ActiveCfg = Release|Any CPU
		{EBA96B0B-DDFB-43D8-9E48-ED15F97BD6BB}.Release|Any CPU.Build.0 = Release|Any CPU
		{88EBB638-9F5D-4A2A-94D1-F40990E1196A}.Debug|Any CPU.ActiveCfg = Debug|Any CPU
		{88EBB638-9F5D-4A2A-94D1-F40990E1196A}.Debug|Any CPU.Build.0 = Debug|Any CPU
		{88EBB638-9F5D-4A2A-94D1-F40990E1196A}.Release|Any CPU.ActiveCfg = Release|Any CPU
		{88EBB638-9F5D-4A2A-94D1-F40990E1196A}.Release|Any CPU.Build.0 = Release|Any CPU
		{BAF1EA36-537B-42B6-801F-F1FA20F24C1B}.Debug|Any CPU.ActiveCfg = Debug|Any CPU
		{BAF1EA36-537B-42B6-801F-F1FA20F24C1B}.Debug|Any CPU.Build.0 = Debug|Any CPU
		{BAF1EA36-537B-42B6-801F-F1FA20F24C1B}.Release|Any CPU.ActiveCfg = Release|Any CPU
		{BAF1EA36-537B-42B6-801F-F1FA20F24C1B}.Release|Any CPU.Build.0 = Release|Any CPU
		{953D61C5-B6E8-4E9A-835A-1EE4589D42B1}.Debug|Any CPU.ActiveCfg = Debug|Any CPU
		{953D61C5-B6E8-4E9A-835A-1EE4589D42B1}.Debug|Any CPU.Build.0 = Debug|Any CPU
		{953D61C5-B6E8-4E9A-835A-1EE4589D42B1}.Release|Any CPU.ActiveCfg = Release|Any CPU
		{953D61C5-B6E8-4E9A-835A-1EE4589D42B1}.Release|Any CPU.Build.0 = Release|Any CPU
		{17F2BE72-D84A-4C94-8E39-8381DD0EC196}.Debug|Any CPU.ActiveCfg = Debug|Any CPU
		{17F2BE72-D84A-4C94-8E39-8381DD0EC196}.Debug|Any CPU.Build.0 = Debug|Any CPU
		{17F2BE72-D84A-4C94-8E39-8381DD0EC196}.Release|Any CPU.ActiveCfg = Release|Any CPU
		{17F2BE72-D84A-4C94-8E39-8381DD0EC196}.Release|Any CPU.Build.0 = Release|Any CPU
		{37CFC939-BA25-4AFB-AF55-592AF8092388}.Debug|Any CPU.ActiveCfg = Debug|Any CPU
		{37CFC939-BA25-4AFB-AF55-592AF8092388}.Debug|Any CPU.Build.0 = Debug|Any CPU
		{37CFC939-BA25-4AFB-AF55-592AF8092388}.Release|Any CPU.ActiveCfg = Release|Any CPU
		{37CFC939-BA25-4AFB-AF55-592AF8092388}.Release|Any CPU.Build.0 = Release|Any CPU
		{08BB03FF-6B0C-4675-986E-3E072F1F0F77}.Debug|Any CPU.ActiveCfg = Debug|Any CPU
		{08BB03FF-6B0C-4675-986E-3E072F1F0F77}.Debug|Any CPU.Build.0 = Debug|Any CPU
		{08BB03FF-6B0C-4675-986E-3E072F1F0F77}.Release|Any CPU.ActiveCfg = Release|Any CPU
		{08BB03FF-6B0C-4675-986E-3E072F1F0F77}.Release|Any CPU.Build.0 = Release|Any CPU
		{0C9ADA13-EBE2-4DD6-A1BA-7DECA087B3CC}.Debug|Any CPU.ActiveCfg = Debug|Any CPU
		{0C9ADA13-EBE2-4DD6-A1BA-7DECA087B3CC}.Debug|Any CPU.Build.0 = Debug|Any CPU
		{0C9ADA13-EBE2-4DD6-A1BA-7DECA087B3CC}.Release|Any CPU.ActiveCfg = Release|Any CPU
		{0C9ADA13-EBE2-4DD6-A1BA-7DECA087B3CC}.Release|Any CPU.Build.0 = Release|Any CPU
		{B4432A01-B5D4-45B0-846E-803F2B169A27}.Debug|Any CPU.ActiveCfg = Debug|Any CPU
		{B4432A01-B5D4-45B0-846E-803F2B169A27}.Debug|Any CPU.Build.0 = Debug|Any CPU
		{B4432A01-B5D4-45B0-846E-803F2B169A27}.Release|Any CPU.ActiveCfg = Release|Any CPU
		{B4432A01-B5D4-45B0-846E-803F2B169A27}.Release|Any CPU.Build.0 = Release|Any CPU
		{C0FD00D9-8211-4F17-B42A-886DDC2F0C10}.Debug|Any CPU.ActiveCfg = Debug|Any CPU
		{C0FD00D9-8211-4F17-B42A-886DDC2F0C10}.Debug|Any CPU.Build.0 = Debug|Any CPU
		{C0FD00D9-8211-4F17-B42A-886DDC2F0C10}.Release|Any CPU.ActiveCfg = Release|Any CPU
		{C0FD00D9-8211-4F17-B42A-886DDC2F0C10}.Release|Any CPU.Build.0 = Release|Any CPU
		{12F749AA-95DE-4220-B126-CE0E3039D3E7}.Debug|Any CPU.ActiveCfg = Debug|Any CPU
		{12F749AA-95DE-4220-B126-CE0E3039D3E7}.Debug|Any CPU.Build.0 = Debug|Any CPU
		{12F749AA-95DE-4220-B126-CE0E3039D3E7}.Release|Any CPU.ActiveCfg = Release|Any CPU
		{12F749AA-95DE-4220-B126-CE0E3039D3E7}.Release|Any CPU.Build.0 = Release|Any CPU
		{251EB747-C0E6-460E-A557-44D987A792BD}.Debug|Any CPU.ActiveCfg = Debug|Any CPU
		{251EB747-C0E6-460E-A557-44D987A792BD}.Debug|Any CPU.Build.0 = Debug|Any CPU
		{251EB747-C0E6-460E-A557-44D987A792BD}.Release|Any CPU.ActiveCfg = Release|Any CPU
		{251EB747-C0E6-460E-A557-44D987A792BD}.Release|Any CPU.Build.0 = Release|Any CPU
		{AC64A835-6938-4D26-BF4E-40C733E1E9F5}.Debug|Any CPU.ActiveCfg = Debug|Any CPU
		{AC64A835-6938-4D26-BF4E-40C733E1E9F5}.Debug|Any CPU.Build.0 = Debug|Any CPU
		{AC64A835-6938-4D26-BF4E-40C733E1E9F5}.Release|Any CPU.ActiveCfg = Release|Any CPU
		{AC64A835-6938-4D26-BF4E-40C733E1E9F5}.Release|Any CPU.Build.0 = Release|Any CPU
		{1F462CF0-D268-46A8-8CE8-DA0CC2C03DA3}.Debug|Any CPU.ActiveCfg = Debug|Any CPU
		{1F462CF0-D268-46A8-8CE8-DA0CC2C03DA3}.Debug|Any CPU.Build.0 = Debug|Any CPU
		{1F462CF0-D268-46A8-8CE8-DA0CC2C03DA3}.Release|Any CPU.ActiveCfg = Release|Any CPU
		{1F462CF0-D268-46A8-8CE8-DA0CC2C03DA3}.Release|Any CPU.Build.0 = Release|Any CPU
		{7D1E5CC2-EF6A-4807-8742-84E707C8EF65}.Debug|Any CPU.ActiveCfg = Debug|Any CPU
		{7D1E5CC2-EF6A-4807-8742-84E707C8EF65}.Debug|Any CPU.Build.0 = Debug|Any CPU
		{7D1E5CC2-EF6A-4807-8742-84E707C8EF65}.Release|Any CPU.ActiveCfg = Release|Any CPU
		{7D1E5CC2-EF6A-4807-8742-84E707C8EF65}.Release|Any CPU.Build.0 = Release|Any CPU
		{8C11499C-61B8-41A6-84E1-432E139386D7}.Debug|Any CPU.ActiveCfg = Debug|Any CPU
		{8C11499C-61B8-41A6-84E1-432E139386D7}.Debug|Any CPU.Build.0 = Debug|Any CPU
		{8C11499C-61B8-41A6-84E1-432E139386D7}.Release|Any CPU.ActiveCfg = Release|Any CPU
		{8C11499C-61B8-41A6-84E1-432E139386D7}.Release|Any CPU.Build.0 = Release|Any CPU
		{B234FE73-319C-4AB3-925D-33A970AABD22}.Debug|Any CPU.ActiveCfg = Debug|Any CPU
		{B234FE73-319C-4AB3-925D-33A970AABD22}.Debug|Any CPU.Build.0 = Debug|Any CPU
		{B234FE73-319C-4AB3-925D-33A970AABD22}.Release|Any CPU.ActiveCfg = Release|Any CPU
		{B234FE73-319C-4AB3-925D-33A970AABD22}.Release|Any CPU.Build.0 = Release|Any CPU
		{83632BDF-02EA-46DE-9BB4-F6FEEC53A7E5}.Debug|Any CPU.ActiveCfg = Debug|Any CPU
		{83632BDF-02EA-46DE-9BB4-F6FEEC53A7E5}.Debug|Any CPU.Build.0 = Debug|Any CPU
		{83632BDF-02EA-46DE-9BB4-F6FEEC53A7E5}.Release|Any CPU.ActiveCfg = Release|Any CPU
		{83632BDF-02EA-46DE-9BB4-F6FEEC53A7E5}.Release|Any CPU.Build.0 = Release|Any CPU
		{60E5D757-2185-4F2D-BD4C-F627FEEB9443}.Debug|Any CPU.ActiveCfg = Debug|Any CPU
		{60E5D757-2185-4F2D-BD4C-F627FEEB9443}.Debug|Any CPU.Build.0 = Debug|Any CPU
		{60E5D757-2185-4F2D-BD4C-F627FEEB9443}.Release|Any CPU.ActiveCfg = Release|Any CPU
		{60E5D757-2185-4F2D-BD4C-F627FEEB9443}.Release|Any CPU.Build.0 = Release|Any CPU
		{F6650F5A-259F-49B5-9E80-F0163143D8BC}.Debug|Any CPU.ActiveCfg = Debug|Any CPU
		{F6650F5A-259F-49B5-9E80-F0163143D8BC}.Debug|Any CPU.Build.0 = Debug|Any CPU
		{F6650F5A-259F-49B5-9E80-F0163143D8BC}.Release|Any CPU.ActiveCfg = Release|Any CPU
		{F6650F5A-259F-49B5-9E80-F0163143D8BC}.Release|Any CPU.Build.0 = Release|Any CPU
		{DDFFA6BF-B52C-4B76-AFD7-08B855A13699}.Debug|Any CPU.ActiveCfg = Debug|Any CPU
		{DDFFA6BF-B52C-4B76-AFD7-08B855A13699}.Debug|Any CPU.Build.0 = Debug|Any CPU
		{DDFFA6BF-B52C-4B76-AFD7-08B855A13699}.Release|Any CPU.ActiveCfg = Release|Any CPU
		{DDFFA6BF-B52C-4B76-AFD7-08B855A13699}.Release|Any CPU.Build.0 = Release|Any CPU
		{51B66026-F4EE-4126-8473-F2AE53B0A813}.Debug|Any CPU.ActiveCfg = Debug|Any CPU
		{51B66026-F4EE-4126-8473-F2AE53B0A813}.Debug|Any CPU.Build.0 = Debug|Any CPU
		{51B66026-F4EE-4126-8473-F2AE53B0A813}.Release|Any CPU.ActiveCfg = Release|Any CPU
		{51B66026-F4EE-4126-8473-F2AE53B0A813}.Release|Any CPU.Build.0 = Release|Any CPU
		{BEDDCA67-0E07-493E-A655-B3D8149CBAE6}.Debug|Any CPU.ActiveCfg = Debug|Any CPU
		{BEDDCA67-0E07-493E-A655-B3D8149CBAE6}.Debug|Any CPU.Build.0 = Debug|Any CPU
		{BEDDCA67-0E07-493E-A655-B3D8149CBAE6}.Release|Any CPU.ActiveCfg = Release|Any CPU
		{BEDDCA67-0E07-493E-A655-B3D8149CBAE6}.Release|Any CPU.Build.0 = Release|Any CPU
		{2DD00A6F-33CF-4B1A-925A-7FAA9042B81A}.Debug|Any CPU.ActiveCfg = Debug|Any CPU
		{2DD00A6F-33CF-4B1A-925A-7FAA9042B81A}.Debug|Any CPU.Build.0 = Debug|Any CPU
		{2DD00A6F-33CF-4B1A-925A-7FAA9042B81A}.Release|Any CPU.ActiveCfg = Release|Any CPU
		{2DD00A6F-33CF-4B1A-925A-7FAA9042B81A}.Release|Any CPU.Build.0 = Release|Any CPU
		{AA8AEB4A-D22A-40F6-905B-23C33EE26E16}.Debug|Any CPU.ActiveCfg = Debug|Any CPU
		{AA8AEB4A-D22A-40F6-905B-23C33EE26E16}.Debug|Any CPU.Build.0 = Debug|Any CPU
		{AA8AEB4A-D22A-40F6-905B-23C33EE26E16}.Release|Any CPU.ActiveCfg = Release|Any CPU
		{AA8AEB4A-D22A-40F6-905B-23C33EE26E16}.Release|Any CPU.Build.0 = Release|Any CPU
		{D63E27F7-2135-4E78-BFFA-12CBD9DF9541}.Debug|Any CPU.ActiveCfg = Debug|Any CPU
		{D63E27F7-2135-4E78-BFFA-12CBD9DF9541}.Debug|Any CPU.Build.0 = Debug|Any CPU
		{D63E27F7-2135-4E78-BFFA-12CBD9DF9541}.Release|Any CPU.ActiveCfg = Release|Any CPU
		{D63E27F7-2135-4E78-BFFA-12CBD9DF9541}.Release|Any CPU.Build.0 = Release|Any CPU
		{1958060D-3A08-46BB-B2C4-1CCA299521DA}.Debug|Any CPU.ActiveCfg = Debug|Any CPU
		{1958060D-3A08-46BB-B2C4-1CCA299521DA}.Debug|Any CPU.Build.0 = Debug|Any CPU
		{1958060D-3A08-46BB-B2C4-1CCA299521DA}.Release|Any CPU.ActiveCfg = Release|Any CPU
		{1958060D-3A08-46BB-B2C4-1CCA299521DA}.Release|Any CPU.Build.0 = Release|Any CPU
		{5B728AB8-1426-4F7B-8C9B-84B61B741070}.Debug|Any CPU.ActiveCfg = Debug|Any CPU
		{5B728AB8-1426-4F7B-8C9B-84B61B741070}.Debug|Any CPU.Build.0 = Debug|Any CPU
		{5B728AB8-1426-4F7B-8C9B-84B61B741070}.Release|Any CPU.ActiveCfg = Release|Any CPU
		{5B728AB8-1426-4F7B-8C9B-84B61B741070}.Release|Any CPU.Build.0 = Release|Any CPU
		{F9FFAE67-DF93-403F-A39C-10C7214A9203}.Debug|Any CPU.ActiveCfg = Debug|Any CPU
		{F9FFAE67-DF93-403F-A39C-10C7214A9203}.Debug|Any CPU.Build.0 = Debug|Any CPU
		{F9FFAE67-DF93-403F-A39C-10C7214A9203}.Release|Any CPU.ActiveCfg = Release|Any CPU
		{F9FFAE67-DF93-403F-A39C-10C7214A9203}.Release|Any CPU.Build.0 = Release|Any CPU
		{C73B04D0-7DDA-4FAD-9F0A-427FD965F611}.Debug|Any CPU.ActiveCfg = Debug|Any CPU
		{C73B04D0-7DDA-4FAD-9F0A-427FD965F611}.Debug|Any CPU.Build.0 = Debug|Any CPU
		{C73B04D0-7DDA-4FAD-9F0A-427FD965F611}.Release|Any CPU.ActiveCfg = Release|Any CPU
		{C73B04D0-7DDA-4FAD-9F0A-427FD965F611}.Release|Any CPU.Build.0 = Release|Any CPU
		{8DB5A989-098F-4B1B-8EF1-D8F6E2EB7459}.Debug|Any CPU.ActiveCfg = Debug|Any CPU
		{8DB5A989-098F-4B1B-8EF1-D8F6E2EB7459}.Debug|Any CPU.Build.0 = Debug|Any CPU
		{8DB5A989-098F-4B1B-8EF1-D8F6E2EB7459}.Release|Any CPU.ActiveCfg = Release|Any CPU
		{8DB5A989-098F-4B1B-8EF1-D8F6E2EB7459}.Release|Any CPU.Build.0 = Release|Any CPU
		{175FADF9-EE80-4C60-9F53-C7DC4ABE8044}.Debug|Any CPU.ActiveCfg = Debug|Any CPU
		{175FADF9-EE80-4C60-9F53-C7DC4ABE8044}.Debug|Any CPU.Build.0 = Debug|Any CPU
		{175FADF9-EE80-4C60-9F53-C7DC4ABE8044}.Release|Any CPU.ActiveCfg = Release|Any CPU
		{175FADF9-EE80-4C60-9F53-C7DC4ABE8044}.Release|Any CPU.Build.0 = Release|Any CPU
		{A62AF1B1-CAAB-42B2-8804-E6E88B6D5B7A}.Debug|Any CPU.ActiveCfg = Debug|Any CPU
		{A62AF1B1-CAAB-42B2-8804-E6E88B6D5B7A}.Debug|Any CPU.Build.0 = Debug|Any CPU
		{A62AF1B1-CAAB-42B2-8804-E6E88B6D5B7A}.Release|Any CPU.ActiveCfg = Release|Any CPU
		{A62AF1B1-CAAB-42B2-8804-E6E88B6D5B7A}.Release|Any CPU.Build.0 = Release|Any CPU
		{6F50A287-E6EC-4BAB-AD8B-F3C6C6D43FFE}.Debug|Any CPU.ActiveCfg = Debug|Any CPU
		{6F50A287-E6EC-4BAB-AD8B-F3C6C6D43FFE}.Debug|Any CPU.Build.0 = Debug|Any CPU
		{6F50A287-E6EC-4BAB-AD8B-F3C6C6D43FFE}.Release|Any CPU.ActiveCfg = Release|Any CPU
		{6F50A287-E6EC-4BAB-AD8B-F3C6C6D43FFE}.Release|Any CPU.Build.0 = Release|Any CPU
		{E2E742E6-1384-431A-86FA-B27BFAD6851A}.Debug|Any CPU.ActiveCfg = Debug|Any CPU
		{E2E742E6-1384-431A-86FA-B27BFAD6851A}.Debug|Any CPU.Build.0 = Debug|Any CPU
		{E2E742E6-1384-431A-86FA-B27BFAD6851A}.Release|Any CPU.ActiveCfg = Release|Any CPU
		{E2E742E6-1384-431A-86FA-B27BFAD6851A}.Release|Any CPU.Build.0 = Release|Any CPU
		{C097C417-99A3-4D3B-8769-5D651FD9989C}.Debug|Any CPU.ActiveCfg = Debug|Any CPU
		{C097C417-99A3-4D3B-8769-5D651FD9989C}.Debug|Any CPU.Build.0 = Debug|Any CPU
		{C097C417-99A3-4D3B-8769-5D651FD9989C}.Release|Any CPU.ActiveCfg = Release|Any CPU
		{C097C417-99A3-4D3B-8769-5D651FD9989C}.Release|Any CPU.Build.0 = Release|Any CPU
		{A3A92BF5-017B-412C-8339-185FF68D32CB}.Debug|Any CPU.ActiveCfg = Debug|Any CPU
		{A3A92BF5-017B-412C-8339-185FF68D32CB}.Debug|Any CPU.Build.0 = Debug|Any CPU
		{A3A92BF5-017B-412C-8339-185FF68D32CB}.Release|Any CPU.ActiveCfg = Release|Any CPU
		{A3A92BF5-017B-412C-8339-185FF68D32CB}.Release|Any CPU.Build.0 = Release|Any CPU
	EndGlobalSection
	GlobalSection(NestedProjects) = preSolution
		{5DD6F7D6-5AD1-4314-88C5-30461406D912} = {18F42590-FD24-4A37-8197-BEC2AA954ED8}
		{3CA9860B-0AD5-484A-873F-B5A576970E63} = {5DD6F7D6-5AD1-4314-88C5-30461406D912}
		{D3C7CA77-B330-4F16-B0F3-C7E06EE986D5} = {5DD6F7D6-5AD1-4314-88C5-30461406D912}
		{47EFA655-3B61-46C7-8A8E-924211924B10} = {5DD6F7D6-5AD1-4314-88C5-30461406D912}
		{4A91EAAE-2A2D-42B8-A727-02137F2C470D} = {5DD6F7D6-5AD1-4314-88C5-30461406D912}
		{3F57ADCB-751D-4322-8881-D07757894CBB} = {5DD6F7D6-5AD1-4314-88C5-30461406D912}
		{ED7969CA-D85C-4ADA-B48D-F3AC881EB960} = {5DD6F7D6-5AD1-4314-88C5-30461406D912}
		{A1A1574D-FAB9-4C1B-A446-71258181D6C8} = {5DD6F7D6-5AD1-4314-88C5-30461406D912}
		{43DBD38A-B190-4A2B-8D01-0806A9D3FA97} = {5DD6F7D6-5AD1-4314-88C5-30461406D912}
		{CA0F1F43-DEDB-4DA0-B0E0-BCD40AFA0934} = {5DD6F7D6-5AD1-4314-88C5-30461406D912}
		{51B084D1-F26D-4CF6-8358-B62C113CAA2A} = {5DD6F7D6-5AD1-4314-88C5-30461406D912}
		{08B2D41B-FC07-4F06-A065-44ADBD7E573F} = {5DD6F7D6-5AD1-4314-88C5-30461406D912}
		{D4930E1F-9C1B-4745-A815-0FF1475899E4} = {5DD6F7D6-5AD1-4314-88C5-30461406D912}
		{4BA6F7CB-B6A0-4E51-8A4E-4FE59106E5DA} = {5DD6F7D6-5AD1-4314-88C5-30461406D912}
		{E843D333-0C36-4145-B1A8-22D14C62DCE7} = {18F42590-FD24-4A37-8197-BEC2AA954ED8}
		{700F93D4-1598-4A29-91A8-7D742AE31FE6} = {E843D333-0C36-4145-B1A8-22D14C62DCE7}
		{B5594E58-9C47-48A6-A41C-368E80882433} = {E843D333-0C36-4145-B1A8-22D14C62DCE7}
		{8E636376-800F-4642-A683-8ADD47C9DF17} = {E843D333-0C36-4145-B1A8-22D14C62DCE7}
		{68B91689-4AFE-4160-B9C5-A1AB95F9EAF9} = {E843D333-0C36-4145-B1A8-22D14C62DCE7}
		{40D5F97C-C9C9-430D-999C-FAB8499AF992} = {E843D333-0C36-4145-B1A8-22D14C62DCE7}
		{FB08A608-D2A0-4D26-A358-F21FCD9BFA09} = {18F42590-FD24-4A37-8197-BEC2AA954ED8}
		{BD328E0A-8018-4EC2-8261-87D32897EF77} = {FB08A608-D2A0-4D26-A358-F21FCD9BFA09}
		{802ABD02-C489-4AAA-AFA0-2303A3CB14B9} = {C0C3B302-9213-4D08-8E78-FF6CE515B6FA}
		{DB1FCB2B-B485-46EF-9CE2-120761FBECC1} = {802ABD02-C489-4AAA-AFA0-2303A3CB14B9}
		{CFC955BE-D641-4999-A132-532E458EFA93} = {802ABD02-C489-4AAA-AFA0-2303A3CB14B9}
		{26C03CE7-9D94-467E-AFAB-7ADACF8C7373} = {802ABD02-C489-4AAA-AFA0-2303A3CB14B9}
		{38C62042-3CEF-4C79-86CB-4A4E8983BA8D} = {802ABD02-C489-4AAA-AFA0-2303A3CB14B9}
		{661EC2CB-CF14-4FC5-B8EB-A38A0D033146} = {802ABD02-C489-4AAA-AFA0-2303A3CB14B9}
		{B54FE2C2-E222-4D54-9214-A7CB4DA36660} = {802ABD02-C489-4AAA-AFA0-2303A3CB14B9}
		{A204AA26-93FA-4991-B101-3E48747E073C} = {802ABD02-C489-4AAA-AFA0-2303A3CB14B9}
		{484BC63E-4476-446B-AF33-8F463BB9A606} = {802ABD02-C489-4AAA-AFA0-2303A3CB14B9}
		{A6315ABD-2E4A-4153-871C-AEE708ED43CE} = {802ABD02-C489-4AAA-AFA0-2303A3CB14B9}
		{4DB2D85C-9C8B-45C0-A1C4-FD1D52BB7D5A} = {802ABD02-C489-4AAA-AFA0-2303A3CB14B9}
		{ED3CEC28-0F96-4268-B719-B6EE7D85400D} = {802ABD02-C489-4AAA-AFA0-2303A3CB14B9}
		{C365516A-8BB1-4C7D-92FB-17BC3BB2BA80} = {802ABD02-C489-4AAA-AFA0-2303A3CB14B9}
		{73F86398-6A77-40C7-B01A-6787C6230A2E} = {802ABD02-C489-4AAA-AFA0-2303A3CB14B9}
		{E67E0A7C-594C-47D2-AF3D-5DF58C365C81} = {C0C3B302-9213-4D08-8E78-FF6CE515B6FA}
		{CF4D8684-BC7D-47F4-B6A7-BAD444EEA5A6} = {E67E0A7C-594C-47D2-AF3D-5DF58C365C81}
		{704C7668-D7ED-4BEA-A217-1F5D01814CE3} = {E67E0A7C-594C-47D2-AF3D-5DF58C365C81}
		{EBA96B0B-DDFB-43D8-9E48-ED15F97BD6BB} = {E67E0A7C-594C-47D2-AF3D-5DF58C365C81}
		{88EBB638-9F5D-4A2A-94D1-F40990E1196A} = {E67E0A7C-594C-47D2-AF3D-5DF58C365C81}
		{BAF1EA36-537B-42B6-801F-F1FA20F24C1B} = {E67E0A7C-594C-47D2-AF3D-5DF58C365C81}
		{953D61C5-B6E8-4E9A-835A-1EE4589D42B1} = {E67E0A7C-594C-47D2-AF3D-5DF58C365C81}
		{F148D86B-AFEF-4F70-ABF9-D8561AE6EE22} = {C0C3B302-9213-4D08-8E78-FF6CE515B6FA}
		{17F2BE72-D84A-4C94-8E39-8381DD0EC196} = {F148D86B-AFEF-4F70-ABF9-D8561AE6EE22}
		{37CFC939-BA25-4AFB-AF55-592AF8092388} = {F148D86B-AFEF-4F70-ABF9-D8561AE6EE22}
		{08BB03FF-6B0C-4675-986E-3E072F1F0F77} = {F148D86B-AFEF-4F70-ABF9-D8561AE6EE22}
		{0C9ADA13-EBE2-4DD6-A1BA-7DECA087B3CC} = {F148D86B-AFEF-4F70-ABF9-D8561AE6EE22}
		{B4432A01-B5D4-45B0-846E-803F2B169A27} = {F148D86B-AFEF-4F70-ABF9-D8561AE6EE22}
		{C0FD00D9-8211-4F17-B42A-886DDC2F0C10} = {F148D86B-AFEF-4F70-ABF9-D8561AE6EE22}
		{12F749AA-95DE-4220-B126-CE0E3039D3E7} = {F148D86B-AFEF-4F70-ABF9-D8561AE6EE22}
		{BF04983D-C6B8-48E7-8A25-3550FF069955} = {7E8CE173-1B61-4B79-B443-CE8D6DB74073}
		{251EB747-C0E6-460E-A557-44D987A792BD} = {BF04983D-C6B8-48E7-8A25-3550FF069955}
		{AC64A835-6938-4D26-BF4E-40C733E1E9F5} = {BF04983D-C6B8-48E7-8A25-3550FF069955}
		{1F462CF0-D268-46A8-8CE8-DA0CC2C03DA3} = {BF04983D-C6B8-48E7-8A25-3550FF069955}
		{7D1E5CC2-EF6A-4807-8742-84E707C8EF65} = {BF04983D-C6B8-48E7-8A25-3550FF069955}
		{8C11499C-61B8-41A6-84E1-432E139386D7} = {BF04983D-C6B8-48E7-8A25-3550FF069955}
		{B234FE73-319C-4AB3-925D-33A970AABD22} = {BF04983D-C6B8-48E7-8A25-3550FF069955}
		{83632BDF-02EA-46DE-9BB4-F6FEEC53A7E5} = {BF04983D-C6B8-48E7-8A25-3550FF069955}
		{60E5D757-2185-4F2D-BD4C-F627FEEB9443} = {BF04983D-C6B8-48E7-8A25-3550FF069955}
		{F6650F5A-259F-49B5-9E80-F0163143D8BC} = {BF04983D-C6B8-48E7-8A25-3550FF069955}
		{DDFFA6BF-B52C-4B76-AFD7-08B855A13699} = {BF04983D-C6B8-48E7-8A25-3550FF069955}
		{51B66026-F4EE-4126-8473-F2AE53B0A813} = {BF04983D-C6B8-48E7-8A25-3550FF069955}
		{BEDDCA67-0E07-493E-A655-B3D8149CBAE6} = {BF04983D-C6B8-48E7-8A25-3550FF069955}
		{2DD00A6F-33CF-4B1A-925A-7FAA9042B81A} = {BF04983D-C6B8-48E7-8A25-3550FF069955}
		{A69BD289-D61F-4955-A680-8E9DF9C48CCF} = {7E8CE173-1B61-4B79-B443-CE8D6DB74073}
		{AA8AEB4A-D22A-40F6-905B-23C33EE26E16} = {A69BD289-D61F-4955-A680-8E9DF9C48CCF}
		{D63E27F7-2135-4E78-BFFA-12CBD9DF9541} = {A69BD289-D61F-4955-A680-8E9DF9C48CCF}
		{1958060D-3A08-46BB-B2C4-1CCA299521DA} = {A69BD289-D61F-4955-A680-8E9DF9C48CCF}
		{5B728AB8-1426-4F7B-8C9B-84B61B741070} = {A69BD289-D61F-4955-A680-8E9DF9C48CCF}
		{F9FFAE67-DF93-403F-A39C-10C7214A9203} = {A69BD289-D61F-4955-A680-8E9DF9C48CCF}
		{C73B04D0-7DDA-4FAD-9F0A-427FD965F611} = {A69BD289-D61F-4955-A680-8E9DF9C48CCF}
		{714CD703-D135-4730-B088-337279B9F872} = {7E8CE173-1B61-4B79-B443-CE8D6DB74073}
		{8DB5A989-098F-4B1B-8EF1-D8F6E2EB7459} = {714CD703-D135-4730-B088-337279B9F872}
		{175FADF9-EE80-4C60-9F53-C7DC4ABE8044} = {714CD703-D135-4730-B088-337279B9F872}
		{A62AF1B1-CAAB-42B2-8804-E6E88B6D5B7A} = {714CD703-D135-4730-B088-337279B9F872}
		{6F50A287-E6EC-4BAB-AD8B-F3C6C6D43FFE} = {714CD703-D135-4730-B088-337279B9F872}
		{E2E742E6-1384-431A-86FA-B27BFAD6851A} = {714CD703-D135-4730-B088-337279B9F872}
		{C097C417-99A3-4D3B-8769-5D651FD9989C} = {714CD703-D135-4730-B088-337279B9F872}
		{A3A92BF5-017B-412C-8339-185FF68D32CB} = {714CD703-D135-4730-B088-337279B9F872}
	EndGlobalSection
EndGlobal
